<?xml version="1.0" encoding="utf-8"?>
<Project ToolsVersion="4.0" xmlns="http://schemas.microsoft.com/developer/msbuild/2003">
  <ItemGroup>
    <Filter Include="Source Files">
      <UniqueIdentifier>{4FC737F1-C7A5-4376-A066-2A32D752A2FF}</UniqueIdentifier>
      <Extensions>cpp;c;cc;cxx;def;odl;idl;hpj;bat;asm;asmx</Extensions>
    </Filter>
    <Filter Include="Header Files">
      <UniqueIdentifier>{93995380-89BD-4b04-88EB-625FBE52EBFB}</UniqueIdentifier>
      <Extensions>h;hh;hpp;hxx;hm;inl;inc;xsd</Extensions>
    </Filter>
    <Filter Include="Resource Files">
      <UniqueIdentifier>{67DA6AB6-F800-4c08-8B7A-83BB121AAD01}</UniqueIdentifier>
      <Extensions>rc;ico;cur;bmp;dlg;rc2;rct;bin;rgs;gif;jpg;jpeg;jpe;resx;tiff;tif;png;wav;mfcribbon-ms</Extensions>
    </Filter>
  </ItemGroup>
  <ItemGroup>
    <ClCompile Include="..\..\pgn-extract\apply.c">
      <Filter>Source Files</Filter>
    </ClCompile>
    <ClCompile Include="..\..\pgn-extract\argsfile.c">
      <Filter>Source Files</Filter>
    </ClCompile>
    <ClCompile Include="..\..\pgn-extract\map.c">
      <Filter>Source Files</Filter>
    </ClCompile>
    <ClCompile Include="..\..\pgn-extract\decode.c">
      <Filter>Source Files</Filter>
    </ClCompile>
    <ClCompile Include="..\..\pgn-extract\eco.c">
      <Filter>Source Files</Filter>
    </ClCompile>
    <ClCompile Include="..\..\pgn-extract\end.c">
      <Filter>Source Files</Filter>
    </ClCompile>
    <ClCompile Include="..\..\pgn-extract\fenmatcher.c">
      <Filter>Source Files</Filter>
    </ClCompile>
    <ClCompile Include="..\..\pgn-extract\grammar.c">
      <Filter>Source Files</Filter>
    </ClCompile>
    <ClCompile Include="..\..\pgn-extract\hashing.c">
      <Filter>Source Files</Filter>
    </ClCompile>
    <ClCompile Include="..\..\pgn-extract\lex.c">
      <Filter>Source Files</Filter>
    </ClCompile>
    <ClCompile Include="..\..\pgn-extract\lines.c">
      <Filter>Source Files</Filter>
    </ClCompile>
    <ClCompile Include="..\..\pgn-extract\lists.c">
      <Filter>Source Files</Filter>
    </ClCompile>
    <ClCompile Include="..\..\pgn-extract\main.c">
      <Filter>Source Files</Filter>
    </ClCompile>
    <ClCompile Include="..\..\pgn-extract\moves.c">
      <Filter>Source Files</Filter>
    </ClCompile>
    <ClCompile Include="..\..\pgn-extract\mymalloc.c">
      <Filter>Source Files</Filter>
    </ClCompile>
    <ClCompile Include="..\..\pgn-extract\output.c">
      <Filter>Source Files</Filter>
    </ClCompile>
    <ClCompile Include="..\..\pgn-extract\taglines.c">
      <Filter>Source Files</Filter>
    </ClCompile>
  </ItemGroup>
  <ItemGroup>
    <None Include="..\..\pgn-extract\style.css">
      <Filter>Source Files</Filter>
    </None>
  </ItemGroup>
  <ItemGroup>
    <ClInclude Include="..\..\pgn-extract\apply.h">
      <Filter>Header Files</Filter>
    </ClInclude>
    <ClInclude Include="..\..\pgn-extract\argsfile.h">
      <Filter>Header Files</Filter>
    </ClInclude>
    <ClInclude Include="..\..\pgn-extract\bool.h">
      <Filter>Header Files</Filter>
    </ClInclude>
    <ClInclude Include="..\..\pgn-extract\decode.h">
      <Filter>Header Files</Filter>
    </ClInclude>
    <ClInclude Include="..\..\pgn-extract\defs.h">
      <Filter>Header Files</Filter>
    </ClInclude>
    <ClInclude Include="..\..\pgn-extract\eco.h">
      <Filter>Header Files</Filter>
    </ClInclude>
    <ClInclude Include="..\..\pgn-extract\end.h">
      <Filter>Header Files</Filter>
    </ClInclude>
    <ClInclude Include="..\..\pgn-extract\fenmatcher.h">
      <Filter>Header Files</Filter>
    </ClInclude>
    <ClInclude Include="..\..\pgn-extract\grammar.h">
      <Filter>Header Files</Filter>
    </ClInclude>
    <ClInclude Include="..\..\pgn-extract\hashing.h">
      <Filter>Header Files</Filter>
    </ClInclude>
    <ClInclude Include="..\..\pgn-extract\lex.h">
      <Filter>Header Files</Filter>
    </ClInclude>
    <ClInclude Include="..\..\pgn-extract\lines.h">
      <Filter>Header Files</Filter>
    </ClInclude>
    <ClInclude Include="..\..\pgn-extract\lists.h">
      <Filter>Header Files</Filter>
    </ClInclude>
    <ClInclude Include="..\..\pgn-extract\map.h">
      <Filter>Header Files</Filter>
    </ClInclude>
    <ClInclude Include="..\..\pgn-extract\moves.h">
      <Filter>Header Files</Filter>
    </ClInclude>
    <ClInclude Include="..\..\pgn-extract\mymalloc.h">
      <Filter>Header Files</Filter>
    </ClInclude>
    <ClInclude Include="..\..\pgn-extract\output.h">
      <Filter>Header Files</Filter>
    </ClInclude>
    <ClInclude Include="..\..\pgn-extract\taglines.h">
      <Filter>Header Files</Filter>
    </ClInclude>
    <ClInclude Include="..\..\pgn-extract\taglist.h">
      <Filter>Header Files</Filter>
    </ClInclude>
    <ClInclude Include="..\..\pgn-extract\tokens.h">
      <Filter>Header Files</Filter>
    </ClInclude>
    <ClInclude Include="..\..\pgn-extract\typedef.h">
      <Filter>Header Files</Filter>
    </ClInclude>
  </ItemGroup>
</Project>