<?xml version="1.0" encoding="utf-8"?>
<Project ToolsVersion="4.0" xmlns="http://schemas.microsoft.com/developer/msbuild/2003">
  <ItemGroup>
    <Filter Include="Source Files">
      <UniqueIdentifier>{4FC737F1-C7A5-4376-A066-2A32D752A2FF}</UniqueIdentifier>
      <Extensions>cpp;c;cc;cxx;def;odl;idl;hpj;bat;asm;asmx</Extensions>
    </Filter>
    <Filter Include="Header Files">
      <UniqueIdentifier>{93995380-89BD-4b04-88EB-625FBE52EBFB}</UniqueIdentifier>
      <Extensions>h;hh;hpp;hxx;hm;inl;inc;xsd</Extensions>
    </Filter>
    <Filter Include="Resource Files">
      <UniqueIdentifier>{67DA6AB6-F800-4c08-8B7A-83BB121AAD01}</UniqueIdentifier>
      <Extensions>rc;ico;cur;bmp;dlg;rc2;rct;bin;rgs;gif;jpg;jpeg;jpe;resx;tiff;tif;png;wav;mfcribbon-ms</Extensions>
    </Filter>
  </ItemGroup>
  <ItemGroup>
    <ClCompile Include="..\..\polyglot1.4w29\main.cpp">
      <Filter>Source Files</Filter>
    </ClCompile>
    <ClCompile Include="..\..\polyglot1.4w29\uci.cpp">
      <Filter>Source Files</Filter>
    </ClCompile>
    <ClCompile Include="..\..\polyglot1.4w29\uci_options.cpp">
      <Filter>Source Files</Filter>
    </ClCompile>
    <ClCompile Include="..\..\polyglot1.4w29\adapter.cpp">
      <Filter>Source Files</Filter>
    </ClCompile>
    <ClCompile Include="..\..\polyglot1.4w29\option.cpp">
      <Filter>Source Files</Filter>
    </ClCompile>
    <ClCompile Include="..\..\polyglot1.4w29\san.cpp">
      <Filter>Source Files</Filter>
    </ClCompile>
    <ClCompile Include="..\..\polyglot1.4w29\engine.cpp">
      <Filter>Source Files</Filter>
    </ClCompile>
    <ClCompile Include="..\..\polyglot1.4w29\book.cpp">
      <Filter>Source Files</Filter>
    </ClCompile>
    <ClCompile Include="..\..\polyglot1.4w29\util.cpp">
      <Filter>Source Files</Filter>
    </ClCompile>
    <ClCompile Include="..\..\polyglot1.4w29\line.cpp">
      <Filter>Source Files</Filter>
    </ClCompile>
    <ClCompile Include="..\..\polyglot1.4w29\epd.cpp">
      <Filter>Source Files</Filter>
    </ClCompile>
    <ClCompile Include="..\..\polyglot1.4w29\list.cpp">
      <Filter>Source Files</Filter>
    </ClCompile>
    <ClCompile Include="..\..\polyglot1.4w29\move.cpp">
      <Filter>Source Files</Filter>
    </ClCompile>
    <ClCompile Include="..\..\polyglot1.4w29\parse.cpp">
      <Filter>Source Files</Filter>
    </ClCompile>
    <ClCompile Include="..\..\polyglot1.4w29\book_make.cpp">
      <Filter>Source Files</Filter>
    </ClCompile>
    <ClCompile Include="..\..\polyglot1.4w29\pgn.cpp">
      <Filter>Source Files</Filter>
    </ClCompile>
    <ClCompile Include="..\..\polyglot1.4w29\search.cpp">
      <Filter>Source Files</Filter>
    </ClCompile>
    <ClCompile Include="..\..\polyglot1.4w29\move_legal.cpp">
      <Filter>Source Files</Filter>
    </ClCompile>
    <ClCompile Include="..\..\polyglot1.4w29\attack.cpp">
      <Filter>Source Files</Filter>
    </ClCompile>
    <ClCompile Include="..\..\polyglot1.4w29\square.cpp">
      <Filter>Source Files</Filter>
    </ClCompile>
    <ClCompile Include="..\..\polyglot1.4w29\board.cpp">
      <Filter>Source Files</Filter>
    </ClCompile>
    <ClCompile Include="..\..\polyglot1.4w29\piece.cpp">
      <Filter>Source Files</Filter>
    </ClCompile>
    <ClCompile Include="..\..\polyglot1.4w29\book_merge.cpp">
      <Filter>Source Files</Filter>
    </ClCompile>
    <ClCompile Include="..\..\polyglot1.4w29\io.cpp">
      <Filter>Source Files</Filter>
    </ClCompile>
    <ClCompile Include="..\..\polyglot1.4w29\posix.cpp">
      <Filter>Source Files</Filter>
    </ClCompile>
    <ClCompile Include="..\..\polyglot1.4w29\game.cpp">
      <Filter>Source Files</Filter>
    </ClCompile>
    <ClCompile Include="..\..\polyglot1.4w29\fen.cpp">
      <Filter>Source Files</Filter>
    </ClCompile>
    <ClCompile Include="..\..\polyglot1.4w29\hash.cpp">
      <Filter>Source Files</Filter>
    </ClCompile>
    <ClCompile Include="..\..\polyglot1.4w29\move_do.cpp">
      <Filter>Source Files</Filter>
    </ClCompile>
    <ClCompile Include="..\..\polyglot1.4w29\move_gen.cpp">
      <Filter>Source Files</Filter>
    </ClCompile>
    <ClCompile Include="..\..\polyglot1.4w29\colour.cpp">
      <Filter>Source Files</Filter>
    </ClCompile>
    <ClCompile Include="..\..\polyglot1.4w29\random.cpp">
      <Filter>Source Files</Filter>
    </ClCompile>
  </ItemGroup>
  <ItemGroup>
    <ClInclude Include="..\..\polyglot1.4w29\book.h">
      <Filter>Header Files</Filter>
    </ClInclude>
    <ClInclude Include="..\..\polyglot1.4w29\adapter.h">
      <Filter>Header Files</Filter>
    </ClInclude>
    <ClInclude Include="..\..\polyglot1.4w29\uci.h">
      <Filter>Header Files</Filter>
    </ClInclude>
    <ClInclude Include="..\..\polyglot1.4w29\util.h">
      <Filter>Header Files</Filter>
    </ClInclude>
    <ClInclude Include="..\..\polyglot1.4w29\main.h">
      <Filter>Header Files</Filter>
    </ClInclude>
    <ClInclude Include="..\..\polyglot1.4w29\engine.h">
      <Filter>Header Files</Filter>
    </ClInclude>
    <ClInclude Include="..\..\polyglot1.4w29\uci_options.h">
      <Filter>Header Files</Filter>
    </ClInclude>
    <ClInclude Include="..\..\polyglot1.4w29\pipe.h">
      <Filter>Header Files</Filter>
    </ClInclude>
    <ClInclude Include="..\..\polyglot1.4w29\search.h">
      <Filter>Header Files</Filter>
    </ClInclude>
    <ClInclude Include="..\..\polyglot1.4w29\pgn.h">
      <Filter>Header Files</Filter>
    </ClInclude>
    <ClInclude Include="..\..\polyglot1.4w29\posix.h">
      <Filter>Header Files</Filter>
    </ClInclude>
    <ClInclude Include="..\..\polyglot1.4w29\board.h">
      <Filter>Header Files</Filter>
    </ClInclude>
    <ClInclude Include="..\..\polyglot1.4w29\fen.h">
      <Filter>Header Files</Filter>
    </ClInclude>
    <ClInclude Include="..\..\polyglot1.4w29\game.h">
      <Filter>Header Files</Filter>
    </ClInclude>
    <ClInclude Include="..\..\polyglot1.4w29\line.h">
      <Filter>Header Files</Filter>
    </ClInclude>
    <ClInclude Include="..\..\polyglot1.4w29\move.h">
      <Filter>Header Files</Filter>
    </ClInclude>
    <ClInclude Include="..\..\polyglot1.4w29\move_do.h">
      <Filter>Header Files</Filter>
    </ClInclude>
    <ClInclude Include="..\..\polyglot1.4w29\io.h">
      <Filter>Header Files</Filter>
    </ClInclude>
    <ClInclude Include="..\..\polyglot1.4w29\epd.h">
      <Filter>Header Files</Filter>
    </ClInclude>
    <ClInclude Include="..\..\polyglot1.4w29\book_make.h">
      <Filter>Header Files</Filter>
    </ClInclude>
    <ClInclude Include="..\..\polyglot1.4w29\book_merge.h">
      <Filter>Header Files</Filter>
    </ClInclude>
    <ClInclude Include="..\..\polyglot1.4w29\attack.h">
      <Filter>Header Files</Filter>
    </ClInclude>
    <ClInclude Include="..\..\polyglot1.4w29\colour.h">
      <Filter>Header Files</Filter>
    </ClInclude>
    <ClInclude Include="..\..\polyglot1.4w29\hash.h">
      <Filter>Header Files</Filter>
    </ClInclude>
    <ClInclude Include="..\..\polyglot1.4w29\list.h">
      <Filter>Header Files</Filter>
    </ClInclude>
    <ClInclude Include="..\..\polyglot1.4w29\move_gen.h">
      <Filter>Header Files</Filter>
    </ClInclude>
    <ClInclude Include="..\..\polyglot1.4w29\move_legal.h">
      <Filter>Header Files</Filter>
    </ClInclude>
    <ClInclude Include="..\..\polyglot1.4w29\option.h">
      <Filter>Header Files</Filter>
    </ClInclude>
    <ClInclude Include="..\..\polyglot1.4w29\parse.h">
      <Filter>Header Files</Filter>
    </ClInclude>
    <ClInclude Include="..\..\polyglot1.4w29\piece.h">
      <Filter>Header Files</Filter>
    </ClInclude>
    <ClInclude Include="..\..\polyglot1.4w29\random.h">
      <Filter>Header Files</Filter>
    </ClInclude>
    <ClInclude Include="..\..\polyglot1.4w29\san.h">
      <Filter>Header Files</Filter>
    </ClInclude>
    <ClInclude Include="..\..\polyglot1.4w29\square.h">
      <Filter>Header Files</Filter>
    </ClInclude>
  </ItemGroup>
</Project>